
Microsoft Visual Studio Solution File, Format Version 12.00
# Visual Studio Version 16
VisualStudioVersion = 16.0.30907.101
MinimumVisualStudioVersion = 10.0.40219.1
Project("{9A19103F-16F7-4668-BE54-9A1E7A4F7556}") = "Business", "Business\Business.csproj", "{538C0AE3-286F-469A-B0EC-1C227601AE3D}"
EndProject
Project("{9A19103F-16F7-4668-BE54-9A1E7A4F7556}") = "Entities", "Entities\Entities.csproj", "{1A46E812-B365-4D43-BBE5-9629EBD43ECA}"
EndProject
Project("{9A19103F-16F7-4668-BE54-9A1E7A4F7556}") = "ConsoleUI", "ConsoleUI\ConsoleUI.csproj", "{C4CA13C4-3DC8-4FB7-89B4-82920C362F60}"
EndProject
Project("{9A19103F-16F7-4668-BE54-9A1E7A4F7556}") = "Common", "Common\Common.csproj", "{F4154D15-78C0-4038-B04E-5E36AAFF5CEE}"
EndProject
Project("{9A19103F-16F7-4668-BE54-9A1E7A4F7556}") = "Test", "Test\Test.csproj", "{EA7D14BA-08D7-4354-8079-DC7CEE55DE7E}"
EndProject
Global
	GlobalSection(SolutionConfigurationPlatforms) = preSolution
		Debug|Any CPU = Debug|Any CPU
		Release|Any CPU = Release|Any CPU
	EndGlobalSection
	GlobalSection(ProjectConfigurationPlatforms) = postSolution
		{538C0AE3-286F-469A-B0EC-1C227601AE3D}.Debug|Any CPU.ActiveCfg = Debug|Any CPU
		{538C0AE3-286F-469A-B0EC-1C227601AE3D}.Debug|Any CPU.Build.0 = Debug|Any CPU
		{538C0AE3-286F-469A-B0EC-1C227601AE3D}.Release|Any CPU.ActiveCfg = Release|Any CPU
		{538C0AE3-286F-469A-B0EC-1C227601AE3D}.Release|Any CPU.Build.0 = Release|Any CPU
		{1A46E812-B365-4D43-BBE5-9629EBD43ECA}.Debug|Any CPU.ActiveCfg = Debug|Any CPU
		{1A46E812-B365-4D43-BBE5-9629EBD43ECA}.Debug|Any CPU.Build.0 = Debug|Any CPU
		{1A46E812-B365-4D43-BBE5-9629EBD43ECA}.Release|Any CPU.ActiveCfg = Release|Any CPU
		{1A46E812-B365-4D43-BBE5-9629EBD43ECA}.Release|Any CPU.Build.0 = Release|Any CPU
		{C4CA13C4-3DC8-4FB7-89B4-82920C362F60}.Debug|Any CPU.ActiveCfg = Debug|Any CPU
		{C4CA13C4-3DC8-4FB7-89B4-82920C362F60}.Debug|Any CPU.Build.0 = Debug|Any CPU
		{C4CA13C4-3DC8-4FB7-89B4-82920C362F60}.Release|Any CPU.ActiveCfg = Release|Any CPU
		{C4CA13C4-3DC8-4FB7-89B4-82920C362F60}.Release|Any CPU.Build.0 = Release|Any CPU
		{F4154D15-78C0-4038-B04E-5E36AAFF5CEE}.Debug|Any CPU.ActiveCfg = Debug|Any CPU
		{F4154D15-78C0-4038-B04E-5E36AAFF5CEE}.Debug|Any CPU.Build.0 = Debug|Any CPU
		{F4154D15-78C0-4038-B04E-5E36AAFF5CEE}.Release|Any CPU.ActiveCfg = Release|Any CPU
		{F4154D15-78C0-4038-B04E-5E36AAFF5CEE}.Release|Any CPU.Build.0 = Release|Any CPU
		{EA7D14BA-08D7-4354-8079-DC7CEE55DE7E}.Debug|Any CPU.ActiveCfg = Debug|Any CPU
		{EA7D14BA-08D7-4354-8079-DC7CEE55DE7E}.Debug|Any CPU.Build.0 = Debug|Any CPU
		{EA7D14BA-08D7-4354-8079-DC7CEE55DE7E}.Release|Any CPU.ActiveCfg = Release|Any CPU
		{EA7D14BA-08D7-4354-8079-DC7CEE55DE7E}.Release|Any CPU.Build.0 = Release|Any CPU
	EndGlobalSection
	GlobalSection(SolutionProperties) = preSolution
		HideSolutionNode = FALSE
	EndGlobalSection
	GlobalSection(ExtensibilityGlobals) = postSolution
		SolutionGuid = {90DE9AF7-562B-4EF3-AD08-5CE008BC8559}
	EndGlobalSection
EndGlobal
